
Microsoft Visual Studio Solution File, Format Version 12.00
# Visual Studio Version 17
VisualStudioVersion = 17.1.32210.238
MinimumVisualStudioVersion = 10.0.40219.1
Project("{8BC9CEB8-8B4A-11D0-8D11-00A0C91BC942}") = "BOJ_14244", "BOJ_14244.vcxproj", "{91CA65FA-658A-4CAB-A7F9-165548B84159}"
EndProject
Global
	GlobalSection(SolutionConfigurationPlatforms) = preSolution
		Debug|x64 = Debug|x64
		Release|x64 = Release|x64
	EndGlobalSection
	GlobalSection(ProjectConfigurationPlatforms) = postSolution
		{91CA65FA-658A-4CAB-A7F9-165548B84159}.Debug|x64.ActiveCfg = Debug|x64
		{91CA65FA-658A-4CAB-A7F9-165548B84159}.Debug|x64.Build.0 = Debug|x64
		{91CA65FA-658A-4CAB-A7F9-165548B84159}.Release|x64.ActiveCfg = Release|x64
		{91CA65FA-658A-4CAB-A7F9-165548B84159}.Release|x64.Build.0 = Release|x64
	EndGlobalSection
	GlobalSection(SolutionProperties) = preSolution
		HideSolutionNode = FALSE
	EndGlobalSection
	GlobalSection(ExtensibilityGlobals) = postSolution
		SolutionGuid = {AB69D8F3-77A4-405C-B632-B03323A47B1A}
	EndGlobalSection
EndGlobal
